
Microsoft Visual Studio Solution File, Format Version 12.00
# Visual Studio 15
VisualStudioVersion = 15.0.28010.2041
MinimumVisualStudioVersion = 10.0.40219.1
Project("{FAE04EC0-301F-11D3-BF4B-00C04F79EFBC}") = "OdeToFood", "OdeToFood\OdeToFood.csproj", "{16D04A55-A96A-4C94-A160-5BC6BEAC5E7B}"
EndProject
Global
	GlobalSection(SolutionConfigurationPlatforms) = preSolution
		Debug|Any CPU = Debug|Any CPU
		Release|Any CPU = Release|Any CPU
	EndGlobalSection
	GlobalSection(ProjectConfigurationPlatforms) = postSolution
		{16D04A55-A96A-4C94-A160-5BC6BEAC5E7B}.Debug|Any CPU.ActiveCfg = Debug|Any CPU
		{16D04A55-A96A-4C94-A160-5BC6BEAC5E7B}.Debug|Any CPU.Build.0 = Debug|Any CPU
		{16D04A55-A96A-4C94-A160-5BC6BEAC5E7B}.Release|Any CPU.ActiveCfg = Release|Any CPU
		{16D04A55-A96A-4C94-A160-5BC6BEAC5E7B}.Release|Any CPU.Build.0 = Release|Any CPU
	EndGlobalSection
	GlobalSection(SolutionProperties) = preSolution
		HideSolutionNode = FALSE
	EndGlobalSection
	GlobalSection(ExtensibilityGlobals) = postSolution
		SolutionGuid = {74816E18-5AA3-4BA2-9ABF-CD80D1727EAE}
	EndGlobalSection
EndGlobal
